
Microsoft Visual Studio Solution File, Format Version 12.00
# Visual Studio Version 16
VisualStudioVersion = 16.0.32802.440
MinimumVisualStudioVersion = 10.0.40219.1
Project("{FAE04EC0-301F-11D3-BF4B-00C04F79EFBC}") = "0220hw", "0220hw\0220hw.csproj", "{3811E2EF-7C15-4015-87FD-68B5F6C09C4A}"
EndProject
Global
	GlobalSection(SolutionConfigurationPlatforms) = preSolution
		Debug|Any CPU = Debug|Any CPU
		Release|Any CPU = Release|Any CPU
	EndGlobalSection
	GlobalSection(ProjectConfigurationPlatforms) = postSolution
		{3811E2EF-7C15-4015-87FD-68B5F6C09C4A}.Debug|Any CPU.ActiveCfg = Debug|Any CPU
		{3811E2EF-7C15-4015-87FD-68B5F6C09C4A}.Debug|Any CPU.Build.0 = Debug|Any CPU
		{3811E2EF-7C15-4015-87FD-68B5F6C09C4A}.Release|Any CPU.ActiveCfg = Release|Any CPU
		{3811E2EF-7C15-4015-87FD-68B5F6C09C4A}.Release|Any CPU.Build.0 = Release|Any CPU
	EndGlobalSection
	GlobalSection(SolutionProperties) = preSolution
		HideSolutionNode = FALSE
	EndGlobalSection
	GlobalSection(ExtensibilityGlobals) = postSolution
		SolutionGuid = {CC8D5735-C6F0-4677-A087-053F190B6E79}
	EndGlobalSection
EndGlobal
